
Microsoft Visual Studio Solution File, Format Version 12.00
# Visual Studio Version 17
VisualStudioVersion = 17.5.33627.172
MinimumVisualStudioVersion = 10.0.40219.1
Project("{FAE04EC0-301F-11D3-BF4B-00C04F79EFBC}") = "DailyQuotes", "DailyQuotes\DailyQuotes.csproj", "{AD89B910-B12A-4C09-AD21-45DB3FFF0EE8}"
EndProject
Project("{FAE04EC0-301F-11D3-BF4B-00C04F79EFBC}") = "Test", "Test\Test.csproj", "{18285475-2281-4D12-B6E8-8A53F3566039}"
EndProject
Global
	GlobalSection(SolutionConfigurationPlatforms) = preSolution
		Debug|Any CPU = Debug|Any CPU
		Release|Any CPU = Release|Any CPU
	EndGlobalSection
	GlobalSection(ProjectConfigurationPlatforms) = postSolution
		{AD89B910-B12A-4C09-AD21-45DB3FFF0EE8}.Debug|Any CPU.ActiveCfg = Debug|Any CPU
		{AD89B910-B12A-4C09-AD21-45DB3FFF0EE8}.Debug|Any CPU.Build.0 = Debug|Any CPU
		{AD89B910-B12A-4C09-AD21-45DB3FFF0EE8}.Release|Any CPU.ActiveCfg = Release|Any CPU
		{AD89B910-B12A-4C09-AD21-45DB3FFF0EE8}.Release|Any CPU.Build.0 = Release|Any CPU
		{18285475-2281-4D12-B6E8-8A53F3566039}.Debug|Any CPU.ActiveCfg = Debug|Any CPU
		{18285475-2281-4D12-B6E8-8A53F3566039}.Debug|Any CPU.Build.0 = Debug|Any CPU
		{18285475-2281-4D12-B6E8-8A53F3566039}.Release|Any CPU.ActiveCfg = Release|Any CPU
		{18285475-2281-4D12-B6E8-8A53F3566039}.Release|Any CPU.Build.0 = Release|Any CPU
	EndGlobalSection
	GlobalSection(SolutionProperties) = preSolution
		HideSolutionNode = FALSE
	EndGlobalSection
	GlobalSection(ExtensibilityGlobals) = postSolution
		SolutionGuid = {28A0E99D-67B5-4979-BD69-8AE8F8D49777}
	EndGlobalSection
EndGlobal
